// !$*UTF8*$!
{
	archiveVersion = 1;
	classes = {
	};
	objectVersion = 46;
	objects = {

/* Begin PBXBuildFile section */
		203DDD5E1DBCA88F00E2B559 /* AppDelegate.swift in Sources */ = {isa = PBXBuildFile; fileRef = 203DDD5D1DBCA88F00E2B559 /* AppDelegate.swift */; };
		203DDD631DBCA88F00E2B559 /* Main.storyboard in Resources */ = {isa = PBXBuildFile; fileRef = 203DDD611DBCA88F00E2B559 /* Main.storyboard */; };
		203DDD651DBCA89000E2B559 /* Assets.xcassets in Resources */ = {isa = PBXBuildFile; fileRef = 203DDD641DBCA89000E2B559 /* Assets.xcassets */; };
		203DDD681DBCA89000E2B559 /* LaunchScreen.storyboard in Resources */ = {isa = PBXBuildFile; fileRef = 203DDD661DBCA89000E2B559 /* LaunchScreen.storyboard */; };
		203DDD731DBCA89000E2B559 /* LivePreviewTests.swift in Sources */ = {isa = PBXBuildFile; fileRef = 203DDD721DBCA89000E2B559 /* LivePreviewTests.swift */; };
		203DDD7E1DBCA89000E2B559 /* LivePreviewUITests.swift in Sources */ = {isa = PBXBuildFile; fileRef = 203DDD7D1DBCA89000E2B559 /* LivePreviewUITests.swift */; };
		203DDD8C1DBCA9E500E2B559 /* PhotoCollectionViewController.swift in Sources */ = {isa = PBXBuildFile; fileRef = 203DDD8B1DBCA9E500E2B559 /* PhotoCollectionViewController.swift */; };
		203DDD8E1DBCAA1200E2B559 /* PhotoCollectionViewCell.swift in Sources */ = {isa = PBXBuildFile; fileRef = 203DDD8D1DBCAA1200E2B559 /* PhotoCollectionViewCell.swift */; };
		203DDD901DBCAA3600E2B559 /* LivePhotoViewController.swift in Sources */ = {isa = PBXBuildFile; fileRef = 203DDD8F1DBCAA3600E2B559 /* LivePhotoViewController.swift */; };
/* End PBXBuildFile section */

/* Begin PBXContainerItemProxy section */
		203DDD6F1DBCA89000E2B559 /* PBXContainerItemProxy */ = {
			isa = PBXContainerItemProxy;
			containerPortal = 203DDD521DBCA88F00E2B559 /* Project object */;
			proxyType = 1;
			remoteGlobalIDString = 203DDD591DBCA88F00E2B559;
			remoteInfo = LivePreview;
		};
		203DDD7A1DBCA89000E2B559 /* PBXContainerItemProxy */ = {
			isa = PBXContainerItemProxy;
			containerPortal = 203DDD521DBCA88F00E2B559 /* Project object */;
			proxyType = 1;
			remoteGlobalIDString = 203DDD591DBCA88F00E2B559;
			remoteInfo = LivePreview;
		};
/* End PBXContainerItemProxy section */

/* Begin PBXFileReference section */
		203DDD5A1DBCA88F00E2B559 /* LivePreview.app */ = {isa = PBXFileReference; explicitFileType = wrapper.application; includeInIndex = 0; path = LivePreview.app; sourceTree = BUILT_PRODUCTS_DIR; };
		203DDD5D1DBCA88F00E2B559 /* AppDelegate.swift */ = {isa = PBXFileReference; lastKnownFileType = sourcecode.swift; path = AppDelegate.swift; sourceTree = "<group>"; };
		203DDD621DBCA88F00E2B559 /* Base */ = {isa = PBXFileReference; lastKnownFileType = file.storyboard; name = Base; path = Base.lproj/Main.storyboard; sourceTree = "<group>"; };
		203DDD641DBCA89000E2B559 /* Assets.xcassets */ = {isa = PBXFileReference; lastKnownFileType = folder.assetcatalog; path = Assets.xcassets; sourceTree = "<group>"; };
		203DDD671DBCA89000E2B559 /* Base */ = {isa = PBXFileReference; lastKnownFileType = file.storyboard; name = Base; path = Base.lproj/LaunchScreen.storyboard; sourceTree = "<group>"; };
		203DDD691DBCA89000E2B559 /* Info.plist */ = {isa = PBXFileReference; lastKnownFileType = text.plist.xml; path = Info.plist; sourceTree = "<group>"; };
		203DDD6E1DBCA89000E2B559 /* LivePreviewTests.xctest */ = {isa = PBXFileReference; explicitFileType = wrapper.cfbundle; includeInIndex = 0; path = LivePreviewTests.xctest; sourceTree = BUILT_PRODUCTS_DIR; };
		203DDD721DBCA89000E2B559 /* LivePreviewTests.swift */ = {isa = PBXFileReference; lastKnownFileType = sourcecode.swift; path = LivePreviewTests.swift; sourceTree = "<group>"; };
		203DDD741DBCA89000E2B559 /* Info.plist */ = {isa = PBXFileReference; lastKnownFileType = text.plist.xml; path = Info.plist; sourceTree = "<group>"; };
		203DDD791DBCA89000E2B559 /* LivePreviewUITests.xctest */ = {isa = PBXFileReference; explicitFileType = wrapper.cfbundle; includeInIndex = 0; path = LivePreviewUITests.xctest; sourceTree = BUILT_PRODUCTS_DIR; };
		203DDD7D1DBCA89000E2B559 /* LivePreviewUITests.swift */ = {isa = PBXFileReference; lastKnownFileType = sourcecode.swift; path = LivePreviewUITests.swift; sourceTree = "<group>"; };
		203DDD7F1DBCA89000E2B559 /* Info.plist */ = {isa = PBXFileReference; lastKnownFileType = text.plist.xml; path = Info.plist; sourceTree = "<group>"; };
		203DDD8B1DBCA9E500E2B559 /* PhotoCollectionViewController.swift */ = {isa = PBXFileReference; fileEncoding = 4; lastKnownFileType = sourcecode.swift; path = PhotoCollectionViewController.swift; sourceTree = "<group>"; };
		203DDD8D1DBCAA1200E2B559 /* PhotoCollectionViewCell.swift */ = {isa = PBXFileReference; fileEncoding = 4; lastKnownFileType = sourcecode.swift; path = PhotoCollectionViewCell.swift; sourceTree = "<group>"; };
		203DDD8F1DBCAA3600E2B559 /* LivePhotoViewController.swift */ = {isa = PBXFileReference; fileEncoding = 4; lastKnownFileType = sourcecode.swift; path = LivePhotoViewController.swift; sourceTree = "<group>"; };
/* End PBXFileReference section */

/* Begin PBXFrameworksBuildPhase section */
		203DDD571DBCA88F00E2B559 /* Frameworks */ = {
			isa = PBXFrameworksBuildPhase;
			buildActionMask = 2147483647;
			files = (
			);
			runOnlyForDeploymentPostprocessing = 0;
		};
		203DDD6B1DBCA89000E2B559 /* Frameworks */ = {
			isa = PBXFrameworksBuildPhase;
			buildActionMask = 2147483647;
			files = (
			);
			runOnlyForDeploymentPostprocessing = 0;
		};
		203DDD761DBCA89000E2B559 /* Frameworks */ = {
			isa = PBXFrameworksBuildPhase;
			buildActionMask = 2147483647;
			files = (
			);
			runOnlyForDeploymentPostprocessing = 0;
		};
/* End PBXFrameworksBuildPhase section */

/* Begin PBXGroup section */
		203DDD511DBCA88F00E2B559 = {
			isa = PBXGroup;
			children = (
				203DDD5C1DBCA88F00E2B559 /* LivePreview */,
				203DDD711DBCA89000E2B559 /* LivePreviewTests */,
				203DDD7C1DBCA89000E2B559 /* LivePreviewUITests */,
				203DDD5B1DBCA88F00E2B559 /* Products */,
			);
			sourceTree = "<group>";
		};
		203DDD5B1DBCA88F00E2B559 /* Products */ = {
			isa = PBXGroup;
			children = (
				203DDD5A1DBCA88F00E2B559 /* LivePreview.app */,
				203DDD6E1DBCA89000E2B559 /* LivePreviewTests.xctest */,
				203DDD791DBCA89000E2B559 /* LivePreviewUITests.xctest */,
			);
			name = Products;
			sourceTree = "<group>";
		};
		203DDD5C1DBCA88F00E2B559 /* LivePreview */ = {
			isa = PBXGroup;
			children = (
				203DDD5D1DBCA88F00E2B559 /* AppDelegate.swift */,
				203DDD8B1DBCA9E500E2B559 /* PhotoCollectionViewController.swift */,
				203DDD8D1DBCAA1200E2B559 /* PhotoCollectionViewCell.swift */,
				203DDD8F1DBCAA3600E2B559 /* LivePhotoViewController.swift */,
				203DDD611DBCA88F00E2B559 /* Main.storyboard */,
				203DDD641DBCA89000E2B559 /* Assets.xcassets */,
				203DDD661DBCA89000E2B559 /* LaunchScreen.storyboard */,
				203DDD691DBCA89000E2B559 /* Info.plist */,
			);
			path = LivePreview;
			sourceTree = "<group>";
		};
		203DDD711DBCA89000E2B559 /* LivePreviewTests */ = {
			isa = PBXGroup;
			children = (
				203DDD721DBCA89000E2B559 /* LivePreviewTests.swift */,
				203DDD741DBCA89000E2B559 /* Info.plist */,
			);
			path = LivePreviewTests;
			sourceTree = "<group>";
		};
		203DDD7C1DBCA89000E2B559 /* LivePreviewUITests */ = {
			isa = PBXGroup;
			children = (
				203DDD7D1DBCA89000E2B559 /* LivePreviewUITests.swift */,
				203DDD7F1DBCA89000E2B559 /* Info.plist */,
			);
			path = LivePreviewUITests;
			sourceTree = "<group>";
		};
/* End PBXGroup section */

/* Begin PBXNativeTarget section */
		203DDD591DBCA88F00E2B559 /* LivePreview */ = {
			isa = PBXNativeTarget;
			buildConfigurationList = 203DDD821DBCA89000E2B559 /* Build configuration list for PBXNativeTarget "LivePreview" */;
			buildPhases = (
				203DDD561DBCA88F00E2B559 /* Sources */,
				203DDD571DBCA88F00E2B559 /* Frameworks */,
				203DDD581DBCA88F00E2B559 /* Resources */,
			);
			buildRules = (
			);
			dependencies = (
			);
			name = LivePreview;
			productName = LivePreview;
			productReference = 203DDD5A1DBCA88F00E2B559 /* LivePreview.app */;
			productType = "com.apple.product-type.application";
		};
		203DDD6D1DBCA89000E2B559 /* LivePreviewTests */ = {
			isa = PBXNativeTarget;
			buildConfigurationList = 203DDD851DBCA89000E2B559 /* Build configuration list for PBXNativeTarget "LivePreviewTests" */;
			buildPhases = (
				203DDD6A1DBCA89000E2B559 /* Sources */,
				203DDD6B1DBCA89000E2B559 /* Frameworks */,
				203DDD6C1DBCA89000E2B559 /* Resources */,
			);
			buildRules = (
			);
			dependencies = (
				203DDD701DBCA89000E2B559 /* PBXTargetDependency */,
			);
			name = LivePreviewTests;
			productName = LivePreviewTests;
			productReference = 203DDD6E1DBCA89000E2B559 /* LivePreviewTests.xctest */;
			productType = "com.apple.product-type.bundle.unit-test";
		};
		203DDD781DBCA89000E2B559 /* LivePreviewUITests */ = {
			isa = PBXNativeTarget;
			buildConfigurationList = 203DDD881DBCA89000E2B559 /* Build configuration list for PBXNativeTarget "LivePreviewUITests" */;
			buildPhases = (
				203DDD751DBCA89000E2B559 /* Sources */,
				203DDD761DBCA89000E2B559 /* Frameworks */,
				203DDD771DBCA89000E2B559 /* Resources */,
			);
			buildRules = (
			);
			dependencies = (
				203DDD7B1DBCA89000E2B559 /* PBXTargetDependency */,
			);
			name = LivePreviewUITests;
			productName = LivePreviewUITests;
			productReference = 203DDD791DBCA89000E2B559 /* LivePreviewUITests.xctest */;
			productType = "com.apple.product-type.bundle.ui-testing";
		};
/* End PBXNativeTarget section */

/* Begin PBXProject section */
		203DDD521DBCA88F00E2B559 /* Project object */ = {
			isa = PBXProject;
			attributes = {
				LastSwiftUpdateCheck = 0810;
				LastUpgradeCheck = 0810;
				ORGANIZATIONNAME = "Rickey Hrabowskie";
				TargetAttributes = {
					203DDD591DBCA88F00E2B559 = {
						CreatedOnToolsVersion = 8.1;
						DevelopmentTeam = XC48HTB69A;
						ProvisioningStyle = Automatic;
					};
					203DDD6D1DBCA89000E2B559 = {
						CreatedOnToolsVersion = 8.1;
						DevelopmentTeam = XC48HTB69A;
						ProvisioningStyle = Automatic;
						TestTargetID = 203DDD591DBCA88F00E2B559;
					};
					203DDD781DBCA89000E2B559 = {
						CreatedOnToolsVersion = 8.1;
						DevelopmentTeam = XC48HTB69A;
						ProvisioningStyle = Automatic;
						TestTargetID = 203DDD591DBCA88F00E2B559;
					};
				};
			};
			buildConfigurationList = 203DDD551DBCA88F00E2B559 /* Build configuration list for PBXProject "LivePreview" */;
			compatibilityVersion = "Xcode 3.2";
			developmentRegion = English;
			hasScannedForEncodings = 0;
			knownRegions = (
				en,
				Base,
			);
			mainGroup = 203DDD511DBCA88F00E2B559;
			productRefGroup = 203DDD5B1DBCA88F00E2B559 /* Products */;
			projectDirPath = "";
			projectRoot = "";
			targets = (
				203DDD591DBCA88F00E2B559 /* LivePreview */,
				203DDD6D1DBCA89000E2B559 /* LivePreviewTests */,
				203DDD781DBCA89000E2B559 /* LivePreviewUITests */,
			);
		};
/* End PBXProject section */

/* Begin PBXResourcesBuildPhase section */
		203DDD581DBCA88F00E2B559 /* Resources */ = {
			isa = PBXResourcesBuildPhase;
			buildActionMask = 2147483647;
			files = (
				203DDD681DBCA89000E2B559 /* LaunchScreen.storyboard in Resources */,
				203DDD651DBCA89000E2B559 /* Assets.xcassets in Resources */,
				203DDD631DBCA88F00E2B559 /* Main.storyboard in Resources */,
			);
			runOnlyForDeploymentPostprocessing = 0;
		};
		203DDD6C1DBCA89000E2B559 /* Resources */ = {
			isa = PBXResourcesBuildPhase;
			buildActionMask = 2147483647;
			files = (
			);
			runOnlyForDeploymentPostprocessing = 0;
		};
		203DDD771DBCA89000E2B559 /* Resources */ = {
			isa = PBXResourcesBuildPhase;
			buildActionMask = 2147483647;
			files = (
			);
			runOnlyForDeploymentPostprocessing = 0;
		};
/* End PBXResourcesBuildPhase section */

/* Begin PBXSourcesBuildPhase section */
		203DDD561DBCA88F00E2B559 /* Sources */ = {
			isa = PBXSourcesBuildPhase;
			buildActionMask = 2147483647;
			files = (
				203DDD5E1DBCA88F00E2B559 /* AppDelegate.swift in Sources */,
				203DDD901DBCAA3600E2B559 /* LivePhotoViewController.swift in Sources */,
				203DDD8C1DBCA9E500E2B559 /* PhotoCollectionViewController.swift in Sources */,
				203DDD8E1DBCAA1200E2B559 /* PhotoCollectionViewCell.swift in Sources */,
			);
			runOnlyForDeploymentPostprocessing = 0;
		};
		203DDD6A1DBCA89000E2B559 /* Sources */ = {
			isa = PBXSourcesBuildPhase;
			buildActionMask = 2147483647;
			files = (
				203DDD731DBCA89000E2B559 /* LivePreviewTests.swift in Sources */,
			);
			runOnlyForDeploymentPostprocessing = 0;
		};
		203DDD751DBCA89000E2B559 /* Sources */ = {
			isa = PBXSourcesBuildPhase;
			buildActionMask = 2147483647;
			files = (
				203DDD7E1DBCA89000E2B559 /* LivePreviewUITests.swift in Sources */,
			);
			runOnlyForDeploymentPostprocessing = 0;
		};
/* End PBXSourcesBuildPhase section */

/* Begin PBXTargetDependency section */
		203DDD701DBCA89000E2B559 /* PBXTargetDependency */ = {
			isa = PBXTargetDependency;
			target = 203DDD591DBCA88F00E2B559 /* LivePreview */;
			targetProxy = 203DDD6F1DBCA89000E2B559 /* PBXContainerItemProxy */;
		};
		203DDD7B1DBCA89000E2B559 /* PBXTargetDependency */ = {
			isa = PBXTargetDependency;
			target = 203DDD591DBCA88F00E2B559 /* LivePreview */;
			targetProxy = 203DDD7A1DBCA89000E2B559 /* PBXContainerItemProxy */;
		};
/* End PBXTargetDependency section */

/* Begin PBXVariantGroup section */
		203DDD611DBCA88F00E2B559 /* Main.storyboard */ = {
			isa = PBXVariantGroup;
			children = (
				203DDD621DBCA88F00E2B559 /* Base */,
			);
			name = Main.storyboard;
			sourceTree = "<group>";
		};
		203DDD661DBCA89000E2B559 /* LaunchScreen.storyboard */ = {
			isa = PBXVariantGroup;
			children = (
				203DDD671DBCA89000E2B559 /* Base */,
			);
			name = LaunchScreen.storyboard;
			sourceTree = "<group>";
		};
/* End PBXVariantGroup section */

/* Begin XCBuildConfiguration section */
		203DDD801DBCA89000E2B559 /* Debug */ = {
			isa = XCBuildConfiguration;
			buildSettings = {
				ALWAYS_SEARCH_USER_PATHS = NO;
				CLANG_ANALYZER_NONNULL = YES;
				CLANG_CXX_LANGUAGE_STANDARD = "gnu++0x";
				CLANG_CXX_LIBRARY = "libc++";
				CLANG_ENABLE_MODULES = YES;
				CLANG_ENABLE_OBJC_ARC = YES;
				CLANG_WARN_BOOL_CONVERSION = YES;
				CLANG_WARN_CONSTANT_CONVERSION = YES;
				CLANG_WARN_DIRECT_OBJC_ISA_USAGE = YES_ERROR;
				CLANG_WARN_DOCUMENTATION_COMMENTS = YES;
				CLANG_WARN_EMPTY_BODY = YES;
				CLANG_WARN_ENUM_CONVERSION = YES;
				CLANG_WARN_INFINITE_RECURSION = YES;
				CLANG_WARN_INT_CONVERSION = YES;
				CLANG_WARN_OBJC_ROOT_CLASS = YES_ERROR;
				CLANG_WARN_SUSPICIOUS_MOVES = YES;
				CLANG_WARN_UNREACHABLE_CODE = YES;
				CLANG_WARN__DUPLICATE_METHOD_MATCH = YES;
				"CODE_SIGN_IDENTITY[sdk=iphoneos*]" = "iPhone Developer";
				COPY_PHASE_STRIP = NO;
				DEBUG_INFORMATION_FORMAT = dwarf;
				ENABLE_STRICT_OBJC_MSGSEND = YES;
				ENABLE_TESTABILITY = YES;
				GCC_C_LANGUAGE_STANDARD = gnu99;
				GCC_DYNAMIC_NO_PIC = NO;
				GCC_NO_COMMON_BLOCKS = YES;
				GCC_OPTIMIZATION_LEVEL = 0;
				GCC_PREPROCESSOR_DEFINITIONS = (
					"DEBUG=1",
					"$(inherited)",
				);
				GCC_WARN_64_TO_32_BIT_CONVERSION = YES;
				GCC_WARN_ABOUT_RETURN_TYPE = YES_ERROR;
				GCC_WARN_UNDECLARED_SELECTOR = YES;
				GCC_WARN_UNINITIALIZED_AUTOS = YES_AGGRESSIVE;
				GCC_WARN_UNUSED_FUNCTION = YES;
				GCC_WARN_UNUSED_VARIABLE = YES;
				IPHONEOS_DEPLOYMENT_TARGET = 10.1;
				MTL_ENABLE_DEBUG_INFO = YES;
				ONLY_ACTIVE_ARCH = YES;
				SDKROOT = iphoneos;
				SWIFT_ACTIVE_COMPILATION_CONDITIONS = DEBUG;
				SWIFT_OPTIMIZATION_LEVEL = "-Onone";
				TARGETED_DEVICE_FAMILY = "1,2";
			};
			name = Debug;
		};
		203DDD811DBCA89000E2B559 /* Release */ = {
			isa = XCBuildConfiguration;
			buildSettings = {
				ALWAYS_SEARCH_USER_PATHS = NO;
				CLANG_ANALYZER_NONNULL = YES;
				CLANG_CXX_LANGUAGE_STANDARD = "gnu++0x";
				CLANG_CXX_LIBRARY = "libc++";
				CLANG_ENABLE_MODULES = YES;
				CLANG_ENABLE_OBJC_ARC = YES;
				CLANG_WARN_BOOL_CONVERSION = YES;
				CLANG_WARN_CONSTANT_CONVERSION = YES;
				CLANG_WARN_DIRECT_OBJC_ISA_USAGE = YES_ERROR;
				CLANG_WARN_DOCUMENTATION_COMMENTS = YES;
				CLANG_WARN_EMPTY_BODY = YES;
				CLANG_WARN_ENUM_CONVERSION = YES;
				CLANG_WARN_INFINITE_RECURSION = YES;
				CLANG_WARN_INT_CONVERSION = YES;
				CLANG_WARN_OBJC_ROOT_CLASS = YES_ERROR;
				CLANG_WARN_SUSPICIOUS_MOVES = YES;
				CLANG_WARN_UNREACHABLE_CODE = YES;
				CLANG_WARN__DUPLICATE_METHOD_MATCH = YES;
				"CODE_SIGN_IDENTITY[sdk=iphoneos*]" = "iPhone Developer";
				COPY_PHASE_STRIP = NO;
				DEBUG_INFORMATION_FORMAT = "dwarf-with-dsym";
				ENABLE_NS_ASSERTIONS = NO;
				ENABLE_STRICT_OBJC_MSGSEND = YES;
				GCC_C_LANGUAGE_STANDARD = gnu99;
				GCC_NO_COMMON_BLOCKS = YES;
				GCC_WARN_64_TO_32_BIT_CONVERSION = YES;
				GCC_WARN_ABOUT_RETURN_TYPE = YES_ERROR;
				GCC_WARN_UNDECLARED_SELECTOR = YES;
				GCC_WARN_UNINITIALIZED_AUTOS = YES_AGGRESSIVE;
				GCC_WARN_UNUSED_FUNCTION = YES;
				GCC_WARN_UNUSED_VARIABLE = YES;
				IPHONEOS_DEPLOYMENT_TARGET = 10.1;
				MTL_ENABLE_DEBUG_INFO = NO;
				SDKROOT = iphoneos;
				SWIFT_OPTIMIZATION_LEVEL = "-Owholemodule";
				TARGETED_DEVICE_FAMILY = "1,2";
				VALIDATE_PRODUCT = YES;
			};
			name = Release;
		};
		203DDD831DBCA89000E2B559 /* Debug */ = {
			isa = XCBuildConfiguration;
			buildSettings = {
				ASSETCATALOG_COMPILER_APPICON_NAME = AppIcon;
				DEVELOPMENT_TEAM = XC48HTB69A;
				INFOPLIST_FILE = LivePreview/Info.plist;
				IPHONEOS_DEPLOYMENT_TARGET = 10.0;
				LD_RUNPATH_SEARCH_PATHS = "$(inherited) @executable_path/Frameworks";
				PRODUCT_BUNDLE_IDENTIFIER = com.rickeyHrabowskie.LivePreview;
				PRODUCT_NAME = "$(TARGET_NAME)";
				SWIFT_VERSION = 3.0;
			};
			name = Debug;
		};
		203DDD841DBCA89000E2B559 /* Release */ = {
			isa = XCBuildConfiguration;
			buildSettings = {
				ASSETCATALOG_COMPILER_APPICON_NAME = AppIcon;
				DEVELOPMENT_TEAM = XC48HTB69A;
				INFOPLIST_FILE = LivePreview/Info.plist;
				IPHONEOS_DEPLOYMENT_TARGET = 10.0;
				LD_RUNPATH_SEARCH_PATHS = "$(inherited) @executable_path/Frameworks";
				PRODUCT_BUNDLE_IDENTIFIER = com.rickeyHrabowskie.LivePreview;
				PRODUCT_NAME = "$(TARGET_NAME)";
				SWIFT_VERSION = 3.0;
			};
			name = Release;
		};
		203DDD861DBCA89000E2B559 /* Debug */ = {
			isa = XCBuildConfiguration;
			buildSettings = {
				ALWAYS_EMBED_SWIFT_STANDARD_LIBRARIES = YES;
				BUNDLE_LOADER = "$(TEST_HOST)";
				DEVELOPMENT_TEAM = XC48HTB69A;
				INFOPLIST_FILE = LivePreviewTests/Info.plist;
				LD_RUNPATH_SEARCH_PATHS = "$(inherited) @executable_path/Frameworks @loader_path/Frameworks";
				PRODUCT_BUNDLE_IDENTIFIER = com.rickeyHrabowskie.LivePreviewTests;
				PRODUCT_NAME = "$(TARGET_NAME)";
				SWIFT_VERSION = 3.0;
				TEST_HOST = "$(BUILT_PRODUCTS_DIR)/LivePreview.app/LivePreview";
			};
			name = Debug;
		};
		203DDD871DBCA89000E2B559 /* Release */ = {
			isa = XCBuildConfiguration;
			buildSettings = {
				ALWAYS_EMBED_SWIFT_STANDARD_LIBRARIES = YES;
				BUNDLE_LOADER = "$(TEST_HOST)";
				DEVELOPMENT_TEAM = XC48HTB69A;
				INFOPLIST_FILE = LivePreviewTests/Info.plist;
				LD_RUNPATH_SEARCH_PATHS = "$(inherited) @executable_path/Frameworks @loader_path/Frameworks";
				PRODUCT_BUNDLE_IDENTIFIER = com.rickeyHrabowskie.LivePreviewTests;
				PRODUCT_NAME = "$(TARGET_NAME)";
				SWIFT_VERSION = 3.0;
				TEST_HOST = "$(BUILT_PRODUCTS_DIR)/LivePreview.app/LivePreview";
			};
			name = Release;
		};
		203DDD891DBCA89000E2B559 /* Debug */ = {
			isa = XCBuildConfiguration;
			buildSettings = {
				ALWAYS_EMBED_SWIFT_STANDARD_LIBRARIES = YES;
				DEVELOPMENT_TEAM = XC48HTB69A;
				INFOPLIST_FILE = LivePreviewUITests/Info.plist;
				LD_RUNPATH_SEARCH_PATHS = "$(inherited) @executable_path/Frameworks @loader_path/Frameworks";
				PRODUCT_BUNDLE_IDENTIFIER = com.rickeyHrabowskie.LivePreviewUITests;
				PRODUCT_NAME = "$(TARGET_NAME)";
				SWIFT_VERSION = 3.0;
				TEST_TARGET_NAME = LivePreview;
			};
			name = Debug;
		};
		203DDD8A1DBCA89000E2B559 /* Release */ = {
			isa = XCBuildConfiguration;
			buildSettings = {
				ALWAYS_EMBED_SWIFT_STANDARD_LIBRARIES = YES;
				DEVELOPMENT_TEAM = XC48HTB69A;
				INFOPLIST_FILE = LivePreviewUITests/Info.plist;
				LD_RUNPATH_SEARCH_PATHS = "$(inherited) @executable_path/Frameworks @loader_path/Frameworks";
				PRODUCT_BUNDLE_IDENTIFIER = com.rickeyHrabowskie.LivePreviewUITests;
				PRODUCT_NAME = "$(TARGET_NAME)";
				SWIFT_VERSION = 3.0;
				TEST_TARGET_NAME = LivePreview;
			};
			name = Release;
		};
/* End XCBuildConfiguration section */

/* Begin XCConfigurationList section */
		203DDD551DBCA88F00E2B559 /* Build configuration list for PBXProject "LivePreview" */ = {
			isa = XCConfigurationList;
			buildConfigurations = (
				203DDD801DBCA89000E2B559 /* Debug */,
				203DDD811DBCA89000E2B559 /* Release */,
			);
			defaultConfigurationIsVisible = 0;
			defaultConfigurationName = Release;
		};
		203DDD821DBCA89000E2B559 /* Build configuration list for PBXNativeTarget "LivePreview" */ = {
			isa = XCConfigurationList;
			buildConfigurations = (
				203DDD831DBCA89000E2B559 /* Debug */,
				203DDD841DBCA89000E2B559 /* Release */,
			);
			defaultConfigurationIsVisible = 0;
		};
		203DDD851DBCA89000E2B559 /* Build configuration list for PBXNativeTarget "LivePreviewTests" */ = {
			isa = XCConfigurationList;
			buildConfigurations = (
				203DDD861DBCA89000E2B559 /* Debug */,
				203DDD871DBCA89000E2B559 /* Release */,
			);
			defaultConfigurationIsVisible = 0;
		};
		203DDD881DBCA89000E2B559 /* Build configuration list for PBXNativeTarget "LivePreviewUITests" */ = {
			isa = XCConfigurationList;
			buildConfigurations = (
				203DDD891DBCA89000E2B559 /* Debug */,
				203DDD8A1DBCA89000E2B559 /* Release */,
			);
			defaultConfigurationIsVisible = 0;
		};
/* End XCConfigurationList section */
	};
	rootObject = 203DDD521DBCA88F00E2B559 /* Project object */;
}
